
Microsoft Visual Studio Solution File, Format Version 12.00
# Visual Studio 2013
VisualStudioVersion = 12.0.40629.0
MinimumVisualStudioVersion = 10.0.40219.1
Project("{2150E333-8FDC-42A3-9474-1A3956D46DE8}") = "Business Logic Layer", "Business Logic Layer", "{D9889A91-2D7C-4D20-8481-52F02B97DED6}"
EndProject
Project("{2150E333-8FDC-42A3-9474-1A3956D46DE8}") = "Data Access Layer", "Data Access Layer", "{205E7DB1-9CC8-4B7B-80BB-88C726E6A3BA}"
EndProject
Project("{2150E333-8FDC-42A3-9474-1A3956D46DE8}") = "Design", "Design", "{A2BF2C5C-1DB7-4646-A345-90FC63FF0EB3}"
EndProject
Project("{2150E333-8FDC-42A3-9474-1A3956D46DE8}") = "Service Layer", "Service Layer", "{691DDDBD-662A-45F8-87E2-A5A49006F048}"
EndProject
Project("{2150E333-8FDC-42A3-9474-1A3956D46DE8}") = "User Experience Layer", "User Experience Layer", "{551DB3C4-DC2B-41DB-A6CC-A0F3023992F6}"
EndProject
Project("{2150E333-8FDC-42A3-9474-1A3956D46DE8}") = "Presention Layer", "Presention Layer", "{FD593591-A9B3-42F6-B29D-EB59A55C8420}"
EndProject
Project("{2150E333-8FDC-42A3-9474-1A3956D46DE8}") = "Rule Layer", "Rule Layer", "{2160B66C-12FD-4F6C-A78D-C48997E1DCD7}"
EndProject
Project("{FAE04EC0-301F-11D3-BF4B-00C04F79EFBC}") = "WPFWithOracle.Model", "WPFWithOracle.Model\WPFWithOracle.Model.csproj", "{CFB1C00E-AE37-44DE-8198-6B9EC601EA2A}"
EndProject
Project("{FAE04EC0-301F-11D3-BF4B-00C04F79EFBC}") = "WPFWithOracle.Repository", "WPFWithOracle.Repository\WPFWithOracle.Repository.csproj", "{F6992EE3-0650-4D4F-B8D9-5A5A76658643}"
EndProject
Project("{FAE04EC0-301F-11D3-BF4B-00C04F79EFBC}") = "WPFWithOracle.Presention", "WPFWithOracle.Presention\WPFWithOracle.Presention.csproj", "{441DB065-BB31-4BA2-9759-45ACDF32ACDA}"
EndProject
Project("{FAE04EC0-301F-11D3-BF4B-00C04F79EFBC}") = "WPFWithOracle.Service", "WPFWithOracle.Service\WPFWithOracle.Service.csproj", "{246CBDEE-347B-4C6F-B7A2-FBBDEA69DA6A}"
EndProject
Project("{FAE04EC0-301F-11D3-BF4B-00C04F79EFBC}") = "WPFWithOracle.WPFUI", "WPFWithOracle.WPFUI\WPFWithOracle.WPFUI.csproj", "{CA248EDE-2C76-45F9-97C1-510A6F9BAA33}"
EndProject
Project("{2150E333-8FDC-42A3-9474-1A3956D46DE8}") = "Unit Test", "Unit Test", "{89ED8007-5466-4F81-9B34-54D7B3A81EFC}"
EndProject
Project("{2150E333-8FDC-42A3-9474-1A3956D46DE8}") = "Helper", "Helper", "{893C1091-8039-4298-8954-99F1CB178EDB}"
EndProject
Project("{FAE04EC0-301F-11D3-BF4B-00C04F79EFBC}") = "WPFWithOracle.Helper", "WPFWithOracle.Helper\WPFWithOracle.Helper.csproj", "{80F5ADB9-579D-497D-AE6E-6CCBE1ABD475}"
EndProject
Project("{FAE04EC0-301F-11D3-BF4B-00C04F79EFBC}") = "WPFWithOracle.UnitTest", "WPFWithOracle.UnitTest\WPFWithOracle.UnitTest.csproj", "{F0175B51-57C5-4EB9-AF2E-286F6F5B3154}"
EndProject
Project("{FAE04EC0-301F-11D3-BF4B-00C04F79EFBC}") = "WPFWithOracle.Design", "WPFWithOracle.Design\WPFWithOracle.Design.csproj", "{3A5563E2-D219-4989-A3DB-E92FC6443F8B}"
EndProject
Project("{FAE04EC0-301F-11D3-BF4B-00C04F79EFBC}") = "WPFWithOracle.MySocketServer", "WPFWithOracle.MySocketServer\WPFWithOracle.MySocketServer.csproj", "{B01A7977-68E1-405C-9ADD-6158CA66B667}"
EndProject
Project("{FAE04EC0-301F-11D3-BF4B-00C04F79EFBC}") = "WPFWithOracle.SocketServer", "WPFWithOracle.SocketServer\WPFWithOracle.SocketServer.csproj", "{C990F5DE-FC96-4936-8951-0DEE7A2A31D1}"
EndProject
Global
	GlobalSection(SolutionConfigurationPlatforms) = preSolution
		Debug|Any CPU = Debug|Any CPU
		Release|Any CPU = Release|Any CPU
	EndGlobalSection
	GlobalSection(ProjectConfigurationPlatforms) = postSolution
		{CFB1C00E-AE37-44DE-8198-6B9EC601EA2A}.Debug|Any CPU.ActiveCfg = Debug|Any CPU
		{CFB1C00E-AE37-44DE-8198-6B9EC601EA2A}.Debug|Any CPU.Build.0 = Debug|Any CPU
		{CFB1C00E-AE37-44DE-8198-6B9EC601EA2A}.Release|Any CPU.ActiveCfg = Release|Any CPU
		{CFB1C00E-AE37-44DE-8198-6B9EC601EA2A}.Release|Any CPU.Build.0 = Release|Any CPU
		{F6992EE3-0650-4D4F-B8D9-5A5A76658643}.Debug|Any CPU.ActiveCfg = Debug|Any CPU
		{F6992EE3-0650-4D4F-B8D9-5A5A76658643}.Debug|Any CPU.Build.0 = Debug|Any CPU
		{F6992EE3-0650-4D4F-B8D9-5A5A76658643}.Release|Any CPU.ActiveCfg = Release|Any CPU
		{F6992EE3-0650-4D4F-B8D9-5A5A76658643}.Release|Any CPU.Build.0 = Release|Any CPU
		{441DB065-BB31-4BA2-9759-45ACDF32ACDA}.Debug|Any CPU.ActiveCfg = Debug|Any CPU
		{441DB065-BB31-4BA2-9759-45ACDF32ACDA}.Debug|Any CPU.Build.0 = Debug|Any CPU
		{441DB065-BB31-4BA2-9759-45ACDF32ACDA}.Release|Any CPU.ActiveCfg = Release|Any CPU
		{441DB065-BB31-4BA2-9759-45ACDF32ACDA}.Release|Any CPU.Build.0 = Release|Any CPU
		{246CBDEE-347B-4C6F-B7A2-FBBDEA69DA6A}.Debug|Any CPU.ActiveCfg = Debug|Any CPU
		{246CBDEE-347B-4C6F-B7A2-FBBDEA69DA6A}.Debug|Any CPU.Build.0 = Debug|Any CPU
		{246CBDEE-347B-4C6F-B7A2-FBBDEA69DA6A}.Release|Any CPU.ActiveCfg = Release|Any CPU
		{246CBDEE-347B-4C6F-B7A2-FBBDEA69DA6A}.Release|Any CPU.Build.0 = Release|Any CPU
		{CA248EDE-2C76-45F9-97C1-510A6F9BAA33}.Debug|Any CPU.ActiveCfg = Debug|Any CPU
		{CA248EDE-2C76-45F9-97C1-510A6F9BAA33}.Debug|Any CPU.Build.0 = Debug|Any CPU
		{CA248EDE-2C76-45F9-97C1-510A6F9BAA33}.Release|Any CPU.ActiveCfg = Release|Any CPU
		{CA248EDE-2C76-45F9-97C1-510A6F9BAA33}.Release|Any CPU.Build.0 = Release|Any CPU
		{80F5ADB9-579D-497D-AE6E-6CCBE1ABD475}.Debug|Any CPU.ActiveCfg = Debug|Any CPU
		{80F5ADB9-579D-497D-AE6E-6CCBE1ABD475}.Debug|Any CPU.Build.0 = Debug|Any CPU
		{80F5ADB9-579D-497D-AE6E-6CCBE1ABD475}.Release|Any CPU.ActiveCfg = Release|Any CPU
		{80F5ADB9-579D-497D-AE6E-6CCBE1ABD475}.Release|Any CPU.Build.0 = Release|Any CPU
		{F0175B51-57C5-4EB9-AF2E-286F6F5B3154}.Debug|Any CPU.ActiveCfg = Debug|Any CPU
		{F0175B51-57C5-4EB9-AF2E-286F6F5B3154}.Debug|Any CPU.Build.0 = Debug|Any CPU
		{F0175B51-57C5-4EB9-AF2E-286F6F5B3154}.Release|Any CPU.ActiveCfg = Release|Any CPU
		{F0175B51-57C5-4EB9-AF2E-286F6F5B3154}.Release|Any CPU.Build.0 = Release|Any CPU
		{3A5563E2-D219-4989-A3DB-E92FC6443F8B}.Debug|Any CPU.ActiveCfg = Debug|Any CPU
		{3A5563E2-D219-4989-A3DB-E92FC6443F8B}.Debug|Any CPU.Build.0 = Debug|Any CPU
		{3A5563E2-D219-4989-A3DB-E92FC6443F8B}.Release|Any CPU.ActiveCfg = Release|Any CPU
		{3A5563E2-D219-4989-A3DB-E92FC6443F8B}.Release|Any CPU.Build.0 = Release|Any CPU
		{B01A7977-68E1-405C-9ADD-6158CA66B667}.Debug|Any CPU.ActiveCfg = Debug|Any CPU
		{B01A7977-68E1-405C-9ADD-6158CA66B667}.Debug|Any CPU.Build.0 = Debug|Any CPU
		{B01A7977-68E1-405C-9ADD-6158CA66B667}.Release|Any CPU.ActiveCfg = Release|Any CPU
		{B01A7977-68E1-405C-9ADD-6158CA66B667}.Release|Any CPU.Build.0 = Release|Any CPU
		{C990F5DE-FC96-4936-8951-0DEE7A2A31D1}.Debug|Any CPU.ActiveCfg = Debug|Any CPU
		{C990F5DE-FC96-4936-8951-0DEE7A2A31D1}.Debug|Any CPU.Build.0 = Debug|Any CPU
		{C990F5DE-FC96-4936-8951-0DEE7A2A31D1}.Release|Any CPU.ActiveCfg = Release|Any CPU
		{C990F5DE-FC96-4936-8951-0DEE7A2A31D1}.Release|Any CPU.Build.0 = Release|Any CPU
	EndGlobalSection
	GlobalSection(SolutionProperties) = preSolution
		HideSolutionNode = FALSE
	EndGlobalSection
	GlobalSection(NestedProjects) = preSolution
		{CFB1C00E-AE37-44DE-8198-6B9EC601EA2A} = {D9889A91-2D7C-4D20-8481-52F02B97DED6}
		{F6992EE3-0650-4D4F-B8D9-5A5A76658643} = {205E7DB1-9CC8-4B7B-80BB-88C726E6A3BA}
		{441DB065-BB31-4BA2-9759-45ACDF32ACDA} = {FD593591-A9B3-42F6-B29D-EB59A55C8420}
		{246CBDEE-347B-4C6F-B7A2-FBBDEA69DA6A} = {691DDDBD-662A-45F8-87E2-A5A49006F048}
		{CA248EDE-2C76-45F9-97C1-510A6F9BAA33} = {551DB3C4-DC2B-41DB-A6CC-A0F3023992F6}
		{80F5ADB9-579D-497D-AE6E-6CCBE1ABD475} = {893C1091-8039-4298-8954-99F1CB178EDB}
		{F0175B51-57C5-4EB9-AF2E-286F6F5B3154} = {89ED8007-5466-4F81-9B34-54D7B3A81EFC}
		{3A5563E2-D219-4989-A3DB-E92FC6443F8B} = {A2BF2C5C-1DB7-4646-A345-90FC63FF0EB3}
		{B01A7977-68E1-405C-9ADD-6158CA66B667} = {691DDDBD-662A-45F8-87E2-A5A49006F048}
		{C990F5DE-FC96-4936-8951-0DEE7A2A31D1} = {691DDDBD-662A-45F8-87E2-A5A49006F048}
	EndGlobalSection
EndGlobal
