
Microsoft Visual Studio Solution File, Format Version 12.00
# Visual Studio 2013
VisualStudioVersion = 12.0.40629.0
MinimumVisualStudioVersion = 10.0.40219.1
Project("{FAE04EC0-301F-11D3-BF4B-00C04F79EFBC}") = "WpfDemo", "WpfDemo\WpfDemo.csproj", "{A2527697-4153-48EE-8352-266B43E65CAA}"
EndProject
Project("{FAE04EC0-301F-11D3-BF4B-00C04F79EFBC}") = "MySocketServer", "MySocketServer\MySocketServer.csproj", "{B01A7977-68E1-405C-9ADD-6158CA66B667}"
EndProject
Project("{FAE04EC0-301F-11D3-BF4B-00C04F79EFBC}") = "SocketServer", "SocketServer\SocketServer.csproj", "{C990F5DE-FC96-4936-8951-0DEE7A2A31D1}"
EndProject
Project("{FAE04EC0-301F-11D3-BF4B-00C04F79EFBC}") = "DBControl", "DatabaseControl\DBControl.csproj", "{1D1429A8-0FC9-4A1F-8B6C-F7397571E71A}"
EndProject
Global
	GlobalSection(SolutionConfigurationPlatforms) = preSolution
		Debug|Any CPU = Debug|Any CPU
		Release|Any CPU = Release|Any CPU
	EndGlobalSection
	GlobalSection(ProjectConfigurationPlatforms) = postSolution
		{A2527697-4153-48EE-8352-266B43E65CAA}.Debug|Any CPU.ActiveCfg = Debug|Any CPU
		{A2527697-4153-48EE-8352-266B43E65CAA}.Debug|Any CPU.Build.0 = Debug|Any CPU
		{A2527697-4153-48EE-8352-266B43E65CAA}.Release|Any CPU.ActiveCfg = Release|Any CPU
		{A2527697-4153-48EE-8352-266B43E65CAA}.Release|Any CPU.Build.0 = Release|Any CPU
		{B01A7977-68E1-405C-9ADD-6158CA66B667}.Debug|Any CPU.ActiveCfg = Debug|Any CPU
		{B01A7977-68E1-405C-9ADD-6158CA66B667}.Debug|Any CPU.Build.0 = Debug|Any CPU
		{B01A7977-68E1-405C-9ADD-6158CA66B667}.Release|Any CPU.ActiveCfg = Release|Any CPU
		{B01A7977-68E1-405C-9ADD-6158CA66B667}.Release|Any CPU.Build.0 = Release|Any CPU
		{C990F5DE-FC96-4936-8951-0DEE7A2A31D1}.Debug|Any CPU.ActiveCfg = Debug|Any CPU
		{C990F5DE-FC96-4936-8951-0DEE7A2A31D1}.Debug|Any CPU.Build.0 = Debug|Any CPU
		{C990F5DE-FC96-4936-8951-0DEE7A2A31D1}.Release|Any CPU.ActiveCfg = Release|Any CPU
		{C990F5DE-FC96-4936-8951-0DEE7A2A31D1}.Release|Any CPU.Build.0 = Release|Any CPU
		{1D1429A8-0FC9-4A1F-8B6C-F7397571E71A}.Debug|Any CPU.ActiveCfg = Debug|Any CPU
		{1D1429A8-0FC9-4A1F-8B6C-F7397571E71A}.Debug|Any CPU.Build.0 = Debug|Any CPU
		{1D1429A8-0FC9-4A1F-8B6C-F7397571E71A}.Release|Any CPU.ActiveCfg = Release|Any CPU
		{1D1429A8-0FC9-4A1F-8B6C-F7397571E71A}.Release|Any CPU.Build.0 = Release|Any CPU
	EndGlobalSection
	GlobalSection(SolutionProperties) = preSolution
		HideSolutionNode = FALSE
	EndGlobalSection
EndGlobal
